// !$*UTF8*$!
{
	archiveVersion = 1;
	classes = {
	};
	objectVersion = 46;
	objects = {

/* Begin PBXBuildFile section */
		086C7EEB1CD74D40008C0A7B /* main.m in Sources */ = {isa = PBXBuildFile; fileRef = 086C7EEA1CD74D40008C0A7B /* main.m */; };
		086C7EEE1CD74D40008C0A7B /* AppDelegate.m in Sources */ = {isa = PBXBuildFile; fileRef = 086C7EED1CD74D40008C0A7B /* AppDelegate.m */; };
		086C7EF11CD74D40008C0A7B /* ViewController.m in Sources */ = {isa = PBXBuildFile; fileRef = 086C7EF01CD74D40008C0A7B /* ViewController.m */; };
		086C7EF41CD74D40008C0A7B /* Main.storyboard in Resources */ = {isa = PBXBuildFile; fileRef = 086C7EF21CD74D40008C0A7B /* Main.storyboard */; };
		086C7EF61CD74D40008C0A7B /* Assets.xcassets in Resources */ = {isa = PBXBuildFile; fileRef = 086C7EF51CD74D40008C0A7B /* Assets.xcassets */; };
		086C7EF91CD74D40008C0A7B /* LaunchScreen.storyboard in Resources */ = {isa = PBXBuildFile; fileRef = 086C7EF71CD74D40008C0A7B /* LaunchScreen.storyboard */; };
		086C7F041CD74D40008C0A7B /* YMTests.m in Sources */ = {isa = PBXBuildFile; fileRef = 086C7F031CD74D40008C0A7B /* YMTests.m */; };
		086C7F0F1CD74D40008C0A7B /* YMUITests.m in Sources */ = {isa = PBXBuildFile; fileRef = 086C7F0E1CD74D40008C0A7B /* YMUITests.m */; };
/* End PBXBuildFile section */

/* Begin PBXContainerItemProxy section */
		086C7F001CD74D40008C0A7B /* PBXContainerItemProxy */ = {
			isa = PBXContainerItemProxy;
			containerPortal = 086C7EDE1CD74D3F008C0A7B /* Project object */;
			proxyType = 1;
			remoteGlobalIDString = 086C7EE51CD74D40008C0A7B;
			remoteInfo = YM;
		};
		086C7F0B1CD74D40008C0A7B /* PBXContainerItemProxy */ = {
			isa = PBXContainerItemProxy;
			containerPortal = 086C7EDE1CD74D3F008C0A7B /* Project object */;
			proxyType = 1;
			remoteGlobalIDString = 086C7EE51CD74D40008C0A7B;
			remoteInfo = YM;
		};
/* End PBXContainerItemProxy section */

/* Begin PBXFileReference section */
		086C7EE61CD74D40008C0A7B /* YM.app */ = {isa = PBXFileReference; explicitFileType = wrapper.application; includeInIndex = 0; path = YM.app; sourceTree = BUILT_PRODUCTS_DIR; };
		086C7EEA1CD74D40008C0A7B /* main.m */ = {isa = PBXFileReference; lastKnownFileType = sourcecode.c.objc; path = main.m; sourceTree = "<group>"; };
		086C7EEC1CD74D40008C0A7B /* AppDelegate.h */ = {isa = PBXFileReference; lastKnownFileType = sourcecode.c.h; path = AppDelegate.h; sourceTree = "<group>"; };
		086C7EED1CD74D40008C0A7B /* AppDelegate.m */ = {isa = PBXFileReference; lastKnownFileType = sourcecode.c.objc; path = AppDelegate.m; sourceTree = "<group>"; };
		086C7EEF1CD74D40008C0A7B /* ViewController.h */ = {isa = PBXFileReference; lastKnownFileType = sourcecode.c.h; path = ViewController.h; sourceTree = "<group>"; };
		086C7EF01CD74D40008C0A7B /* ViewController.m */ = {isa = PBXFileReference; lastKnownFileType = sourcecode.c.objc; path = ViewController.m; sourceTree = "<group>"; };
		086C7EF31CD74D40008C0A7B /* Base */ = {isa = PBXFileReference; lastKnownFileType = file.storyboard; name = Base; path = Base.lproj/Main.storyboard; sourceTree = "<group>"; };
		086C7EF51CD74D40008C0A7B /* Assets.xcassets */ = {isa = PBXFileReference; lastKnownFileType = folder.assetcatalog; path = Assets.xcassets; sourceTree = "<group>"; };
		086C7EF81CD74D40008C0A7B /* Base */ = {isa = PBXFileReference; lastKnownFileType = file.storyboard; name = Base; path = Base.lproj/LaunchScreen.storyboard; sourceTree = "<group>"; };
		086C7EFA1CD74D40008C0A7B /* Info.plist */ = {isa = PBXFileReference; lastKnownFileType = text.plist.xml; path = Info.plist; sourceTree = "<group>"; };
		086C7EFF1CD74D40008C0A7B /* YMTests.xctest */ = {isa = PBXFileReference; explicitFileType = wrapper.cfbundle; includeInIndex = 0; path = YMTests.xctest; sourceTree = BUILT_PRODUCTS_DIR; };
		086C7F031CD74D40008C0A7B /* YMTests.m */ = {isa = PBXFileReference; lastKnownFileType = sourcecode.c.objc; path = YMTests.m; sourceTree = "<group>"; };
		086C7F051CD74D40008C0A7B /* Info.plist */ = {isa = PBXFileReference; lastKnownFileType = text.plist.xml; path = Info.plist; sourceTree = "<group>"; };
		086C7F0A1CD74D40008C0A7B /* YMUITests.xctest */ = {isa = PBXFileReference; explicitFileType = wrapper.cfbundle; includeInIndex = 0; path = YMUITests.xctest; sourceTree = BUILT_PRODUCTS_DIR; };
		086C7F0E1CD74D40008C0A7B /* YMUITests.m */ = {isa = PBXFileReference; lastKnownFileType = sourcecode.c.objc; path = YMUITests.m; sourceTree = "<group>"; };
		086C7F101CD74D40008C0A7B /* Info.plist */ = {isa = PBXFileReference; lastKnownFileType = text.plist.xml; path = Info.plist; sourceTree = "<group>"; };
/* End PBXFileReference section */

/* Begin PBXFrameworksBuildPhase section */
		086C7EE31CD74D40008C0A7B /* Frameworks */ = {
			isa = PBXFrameworksBuildPhase;
			buildActionMask = 2147483647;
			files = (
			);
			runOnlyForDeploymentPostprocessing = 0;
		};
		086C7EFC1CD74D40008C0A7B /* Frameworks */ = {
			isa = PBXFrameworksBuildPhase;
			buildActionMask = 2147483647;
			files = (
			);
			runOnlyForDeploymentPostprocessing = 0;
		};
		086C7F071CD74D40008C0A7B /* Frameworks */ = {
			isa = PBXFrameworksBuildPhase;
			buildActionMask = 2147483647;
			files = (
			);
			runOnlyForDeploymentPostprocessing = 0;
		};
/* End PBXFrameworksBuildPhase section */

/* Begin PBXGroup section */
		086C7EDD1CD74D3F008C0A7B = {
			isa = PBXGroup;
			children = (
				086C7EE81CD74D40008C0A7B /* YM */,
				086C7F021CD74D40008C0A7B /* YMTests */,
				086C7F0D1CD74D40008C0A7B /* YMUITests */,
				086C7EE71CD74D40008C0A7B /* Products */,
			);
			sourceTree = "<group>";
		};
		086C7EE71CD74D40008C0A7B /* Products */ = {
			isa = PBXGroup;
			children = (
				086C7EE61CD74D40008C0A7B /* YM.app */,
				086C7EFF1CD74D40008C0A7B /* YMTests.xctest */,
				086C7F0A1CD74D40008C0A7B /* YMUITests.xctest */,
			);
			name = Products;
			sourceTree = "<group>";
		};
		086C7EE81CD74D40008C0A7B /* YM */ = {
			isa = PBXGroup;
			children = (
				086C7EEC1CD74D40008C0A7B /* AppDelegate.h */,
				086C7EED1CD74D40008C0A7B /* AppDelegate.m */,
				086C7EEF1CD74D40008C0A7B /* ViewController.h */,
				086C7EF01CD74D40008C0A7B /* ViewController.m */,
				086C7EF21CD74D40008C0A7B /* Main.storyboard */,
				086C7EF51CD74D40008C0A7B /* Assets.xcassets */,
				086C7EF71CD74D40008C0A7B /* LaunchScreen.storyboard */,
				086C7EFA1CD74D40008C0A7B /* Info.plist */,
				086C7EE91CD74D40008C0A7B /* Supporting Files */,
			);
			path = YM;
			sourceTree = "<group>";
		};
		086C7EE91CD74D40008C0A7B /* Supporting Files */ = {
			isa = PBXGroup;
			children = (
				086C7EEA1CD74D40008C0A7B /* main.m */,
			);
			name = "Supporting Files";
			sourceTree = "<group>";
		};
		086C7F021CD74D40008C0A7B /* YMTests */ = {
			isa = PBXGroup;
			children = (
				086C7F031CD74D40008C0A7B /* YMTests.m */,
				086C7F051CD74D40008C0A7B /* Info.plist */,
			);
			path = YMTests;
			sourceTree = "<group>";
		};
		086C7F0D1CD74D40008C0A7B /* YMUITests */ = {
			isa = PBXGroup;
			children = (
				086C7F0E1CD74D40008C0A7B /* YMUITests.m */,
				086C7F101CD74D40008C0A7B /* Info.plist */,
			);
			path = YMUITests;
			sourceTree = "<group>";
		};
/* End PBXGroup section */

/* Begin PBXNativeTarget section */
		086C7EE51CD74D40008C0A7B /* YM */ = {
			isa = PBXNativeTarget;
			buildConfigurationList = 086C7F131CD74D40008C0A7B /* Build configuration list for PBXNativeTarget "YM" */;
			buildPhases = (
				086C7EE21CD74D40008C0A7B /* Sources */,
				086C7EE31CD74D40008C0A7B /* Frameworks */,
				086C7EE41CD74D40008C0A7B /* Resources */,
			);
			buildRules = (
			);
			dependencies = (
			);
			name = YM;
			productName = YM;
			productReference = 086C7EE61CD74D40008C0A7B /* YM.app */;
			productType = "com.apple.product-type.application";
		};
		086C7EFE1CD74D40008C0A7B /* YMTests */ = {
			isa = PBXNativeTarget;
			buildConfigurationList = 086C7F161CD74D40008C0A7B /* Build configuration list for PBXNativeTarget "YMTests" */;
			buildPhases = (
				086C7EFB1CD74D40008C0A7B /* Sources */,
				086C7EFC1CD74D40008C0A7B /* Frameworks */,
				086C7EFD1CD74D40008C0A7B /* Resources */,
			);
			buildRules = (
			);
			dependencies = (
				086C7F011CD74D40008C0A7B /* PBXTargetDependency */,
			);
			name = YMTests;
			productName = YMTests;
			productReference = 086C7EFF1CD74D40008C0A7B /* YMTests.xctest */;
			productType = "com.apple.product-type.bundle.unit-test";
		};
		086C7F091CD74D40008C0A7B /* YMUITests */ = {
			isa = PBXNativeTarget;
			buildConfigurationList = 086C7F191CD74D40008C0A7B /* Build configuration list for PBXNativeTarget "YMUITests" */;
			buildPhases = (
				086C7F061CD74D40008C0A7B /* Sources */,
				086C7F071CD74D40008C0A7B /* Frameworks */,
				086C7F081CD74D40008C0A7B /* Resources */,
			);
			buildRules = (
			);
			dependencies = (
				086C7F0C1CD74D40008C0A7B /* PBXTargetDependency */,
			);
			name = YMUITests;
			productName = YMUITests;
			productReference = 086C7F0A1CD74D40008C0A7B /* YMUITests.xctest */;
			productType = "com.apple.product-type.bundle.ui-testing";
		};
/* End PBXNativeTarget section */

/* Begin PBXProject section */
		086C7EDE1CD74D3F008C0A7B /* Project object */ = {
			isa = PBXProject;
			attributes = {
				LastUpgradeCheck = 0720;
				ORGANIZATIONNAME = wqh;
				TargetAttributes = {
					086C7EE51CD74D40008C0A7B = {
						CreatedOnToolsVersion = 7.2.1;
					};
					086C7EFE1CD74D40008C0A7B = {
						CreatedOnToolsVersion = 7.2.1;
						TestTargetID = 086C7EE51CD74D40008C0A7B;
					};
					086C7F091CD74D40008C0A7B = {
						CreatedOnToolsVersion = 7.2.1;
						TestTargetID = 086C7EE51CD74D40008C0A7B;
					};
				};
			};
			buildConfigurationList = 086C7EE11CD74D3F008C0A7B /* Build configuration list for PBXProject "YM" */;
			compatibilityVersion = "Xcode 3.2";
			developmentRegion = English;
			hasScannedForEncodings = 0;
			knownRegions = (
				en,
				Base,
			);
			mainGroup = 086C7EDD1CD74D3F008C0A7B;
			productRefGroup = 086C7EE71CD74D40008C0A7B /* Products */;
			projectDirPath = "";
			projectRoot = "";
			targets = (
				086C7EE51CD74D40008C0A7B /* YM */,
				086C7EFE1CD74D40008C0A7B /* YMTests */,
				086C7F091CD74D40008C0A7B /* YMUITests */,
			);
		};
/* End PBXProject section */

/* Begin PBXResourcesBuildPhase section */
		086C7EE41CD74D40008C0A7B /* Resources */ = {
			isa = PBXResourcesBuildPhase;
			buildActionMask = 2147483647;
			files = (
				086C7EF91CD74D40008C0A7B /* LaunchScreen.storyboard in Resources */,
				086C7EF61CD74D40008C0A7B /* Assets.xcassets in Resources */,
				086C7EF41CD74D40008C0A7B /* Main.storyboard in Resources */,
			);
			runOnlyForDeploymentPostprocessing = 0;
		};
		086C7EFD1CD74D40008C0A7B /* Resources */ = {
			isa = PBXResourcesBuildPhase;
			buildActionMask = 2147483647;
			files = (
			);
			runOnlyForDeploymentPostprocessing = 0;
		};
		086C7F081CD74D40008C0A7B /* Resources */ = {
			isa = PBXResourcesBuildPhase;
			buildActionMask = 2147483647;
			files = (
			);
			runOnlyForDeploymentPostprocessing = 0;
		};
/* End PBXResourcesBuildPhase section */

/* Begin PBXSourcesBuildPhase section */
		086C7EE21CD74D40008C0A7B /* Sources */ = {
			isa = PBXSourcesBuildPhase;
			buildActionMask = 2147483647;
			files = (
				086C7EF11CD74D40008C0A7B /* ViewController.m in Sources */,
				086C7EEE1CD74D40008C0A7B /* AppDelegate.m in Sources */,
				086C7EEB1CD74D40008C0A7B /* main.m in Sources */,
			);
			runOnlyForDeploymentPostprocessing = 0;
		};
		086C7EFB1CD74D40008C0A7B /* Sources */ = {
			isa = PBXSourcesBuildPhase;
			buildActionMask = 2147483647;
			files = (
				086C7F041CD74D40008C0A7B /* YMTests.m in Sources */,
			);
			runOnlyForDeploymentPostprocessing = 0;
		};
		086C7F061CD74D40008C0A7B /* Sources */ = {
			isa = PBXSourcesBuildPhase;
			buildActionMask = 2147483647;
			files = (
				086C7F0F1CD74D40008C0A7B /* YMUITests.m in Sources */,
			);
			runOnlyForDeploymentPostprocessing = 0;
		};
/* End PBXSourcesBuildPhase section */

/* Begin PBXTargetDependency section */
		086C7F011CD74D40008C0A7B /* PBXTargetDependency */ = {
			isa = PBXTargetDependency;
			target = 086C7EE51CD74D40008C0A7B /* YM */;
			targetProxy = 086C7F001CD74D40008C0A7B /* PBXContainerItemProxy */;
		};
		086C7F0C1CD74D40008C0A7B /* PBXTargetDependency */ = {
			isa = PBXTargetDependency;
			target = 086C7EE51CD74D40008C0A7B /* YM */;
			targetProxy = 086C7F0B1CD74D40008C0A7B /* PBXContainerItemProxy */;
		};
/* End PBXTargetDependency section */

/* Begin PBXVariantGroup section */
		086C7EF21CD74D40008C0A7B /* Main.storyboard */ = {
			isa = PBXVariantGroup;
			children = (
				086C7EF31CD74D40008C0A7B /* Base */,
			);
			name = Main.storyboard;
			sourceTree = "<group>";
		};
		086C7EF71CD74D40008C0A7B /* LaunchScreen.storyboard */ = {
			isa = PBXVariantGroup;
			children = (
				086C7EF81CD74D40008C0A7B /* Base */,
			);
			name = LaunchScreen.storyboard;
			sourceTree = "<group>";
		};
/* End PBXVariantGroup section */

/* Begin XCBuildConfiguration section */
		086C7F111CD74D40008C0A7B /* Debug */ = {
			isa = XCBuildConfiguration;
			buildSettings = {
				ALWAYS_SEARCH_USER_PATHS = NO;
				CLANG_CXX_LANGUAGE_STANDARD = "gnu++0x";
				CLANG_CXX_LIBRARY = "libc++";
				CLANG_ENABLE_MODULES = YES;
				CLANG_ENABLE_OBJC_ARC = YES;
				CLANG_WARN_BOOL_CONVERSION = YES;
				CLANG_WARN_CONSTANT_CONVERSION = YES;
				CLANG_WARN_DIRECT_OBJC_ISA_USAGE = YES_ERROR;
				CLANG_WARN_EMPTY_BODY = YES;
				CLANG_WARN_ENUM_CONVERSION = YES;
				CLANG_WARN_INT_CONVERSION = YES;
				CLANG_WARN_OBJC_ROOT_CLASS = YES_ERROR;
				CLANG_WARN_UNREACHABLE_CODE = YES;
				CLANG_WARN__DUPLICATE_METHOD_MATCH = YES;
				"CODE_SIGN_IDENTITY[sdk=iphoneos*]" = "iPhone Developer";
				COPY_PHASE_STRIP = NO;
				DEBUG_INFORMATION_FORMAT = dwarf;
				ENABLE_STRICT_OBJC_MSGSEND = YES;
				ENABLE_TESTABILITY = YES;
				GCC_C_LANGUAGE_STANDARD = gnu99;
				GCC_DYNAMIC_NO_PIC = NO;
				GCC_NO_COMMON_BLOCKS = YES;
				GCC_OPTIMIZATION_LEVEL = 0;
				GCC_PREPROCESSOR_DEFINITIONS = (
					"DEBUG=1",
					"$(inherited)",
				);
				GCC_WARN_64_TO_32_BIT_CONVERSION = YES;
				GCC_WARN_ABOUT_RETURN_TYPE = YES_ERROR;
				GCC_WARN_UNDECLARED_SELECTOR = YES;
				GCC_WARN_UNINITIALIZED_AUTOS = YES_AGGRESSIVE;
				GCC_WARN_UNUSED_FUNCTION = YES;
				GCC_WARN_UNUSED_VARIABLE = YES;
				IPHONEOS_DEPLOYMENT_TARGET = 9.2;
				MTL_ENABLE_DEBUG_INFO = YES;
				ONLY_ACTIVE_ARCH = YES;
				SDKROOT = iphoneos;
				TARGETED_DEVICE_FAMILY = "1,2";
			};
			name = Debug;
		};
		086C7F121CD74D40008C0A7B /* Release */ = {
			isa = XCBuildConfiguration;
			buildSettings = {
				ALWAYS_SEARCH_USER_PATHS = NO;
				CLANG_CXX_LANGUAGE_STANDARD = "gnu++0x";
				CLANG_CXX_LIBRARY = "libc++";
				CLANG_ENABLE_MODULES = YES;
				CLANG_ENABLE_OBJC_ARC = YES;
				CLANG_WARN_BOOL_CONVERSION = YES;
				CLANG_WARN_CONSTANT_CONVERSION = YES;
				CLANG_WARN_DIRECT_OBJC_ISA_USAGE = YES_ERROR;
				CLANG_WARN_EMPTY_BODY = YES;
				CLANG_WARN_ENUM_CONVERSION = YES;
				CLANG_WARN_INT_CONVERSION = YES;
				CLANG_WARN_OBJC_ROOT_CLASS = YES_ERROR;
				CLANG_WARN_UNREACHABLE_CODE = YES;
				CLANG_WARN__DUPLICATE_METHOD_MATCH = YES;
				"CODE_SIGN_IDENTITY[sdk=iphoneos*]" = "iPhone Developer";
				COPY_PHASE_STRIP = NO;
				DEBUG_INFORMATION_FORMAT = "dwarf-with-dsym";
				ENABLE_NS_ASSERTIONS = NO;
				ENABLE_STRICT_OBJC_MSGSEND = YES;
				GCC_C_LANGUAGE_STANDARD = gnu99;
				GCC_NO_COMMON_BLOCKS = YES;
				GCC_WARN_64_TO_32_BIT_CONVERSION = YES;
				GCC_WARN_ABOUT_RETURN_TYPE = YES_ERROR;
				GCC_WARN_UNDECLARED_SELECTOR = YES;
				GCC_WARN_UNINITIALIZED_AUTOS = YES_AGGRESSIVE;
				GCC_WARN_UNUSED_FUNCTION = YES;
				GCC_WARN_UNUSED_VARIABLE = YES;
				IPHONEOS_DEPLOYMENT_TARGET = 9.2;
				MTL_ENABLE_DEBUG_INFO = NO;
				SDKROOT = iphoneos;
				TARGETED_DEVICE_FAMILY = "1,2";
				VALIDATE_PRODUCT = YES;
			};
			name = Release;
		};
		086C7F141CD74D40008C0A7B /* Debug */ = {
			isa = XCBuildConfiguration;
			buildSettings = {
				ASSETCATALOG_COMPILER_APPICON_NAME = AppIcon;
				INFOPLIST_FILE = YM/Info.plist;
				LD_RUNPATH_SEARCH_PATHS = "$(inherited) @executable_path/Frameworks";
				PRODUCT_BUNDLE_IDENTIFIER = hhh.YM;
				PRODUCT_NAME = "$(TARGET_NAME)";
			};
			name = Debug;
		};
		086C7F151CD74D40008C0A7B /* Release */ = {
			isa = XCBuildConfiguration;
			buildSettings = {
				ASSETCATALOG_COMPILER_APPICON_NAME = AppIcon;
				INFOPLIST_FILE = YM/Info.plist;
				LD_RUNPATH_SEARCH_PATHS = "$(inherited) @executable_path/Frameworks";
				PRODUCT_BUNDLE_IDENTIFIER = hhh.YM;
				PRODUCT_NAME = "$(TARGET_NAME)";
			};
			name = Release;
		};
		086C7F171CD74D40008C0A7B /* Debug */ = {
			isa = XCBuildConfiguration;
			buildSettings = {
				BUNDLE_LOADER = "$(TEST_HOST)";
				INFOPLIST_FILE = YMTests/Info.plist;
				LD_RUNPATH_SEARCH_PATHS = "$(inherited) @executable_path/Frameworks @loader_path/Frameworks";
				PRODUCT_BUNDLE_IDENTIFIER = hhh.YMTests;
				PRODUCT_NAME = "$(TARGET_NAME)";
				TEST_HOST = "$(BUILT_PRODUCTS_DIR)/YM.app/YM";
			};
			name = Debug;
		};
		086C7F181CD74D40008C0A7B /* Release */ = {
			isa = XCBuildConfiguration;
			buildSettings = {
				BUNDLE_LOADER = "$(TEST_HOST)";
				INFOPLIST_FILE = YMTests/Info.plist;
				LD_RUNPATH_SEARCH_PATHS = "$(inherited) @executable_path/Frameworks @loader_path/Frameworks";
				PRODUCT_BUNDLE_IDENTIFIER = hhh.YMTests;
				PRODUCT_NAME = "$(TARGET_NAME)";
				TEST_HOST = "$(BUILT_PRODUCTS_DIR)/YM.app/YM";
			};
			name = Release;
		};
		086C7F1A1CD74D40008C0A7B /* Debug */ = {
			isa = XCBuildConfiguration;
			buildSettings = {
				INFOPLIST_FILE = YMUITests/Info.plist;
				LD_RUNPATH_SEARCH_PATHS = "$(inherited) @executable_path/Frameworks @loader_path/Frameworks";
				PRODUCT_BUNDLE_IDENTIFIER = hhh.YMUITests;
				PRODUCT_NAME = "$(TARGET_NAME)";
				TEST_TARGET_NAME = YM;
				USES_XCTRUNNER = YES;
			};
			name = Debug;
		};
		086C7F1B1CD74D40008C0A7B /* Release */ = {
			isa = XCBuildConfiguration;
			buildSettings = {
				INFOPLIST_FILE = YMUITests/Info.plist;
				LD_RUNPATH_SEARCH_PATHS = "$(inherited) @executable_path/Frameworks @loader_path/Frameworks";
				PRODUCT_BUNDLE_IDENTIFIER = hhh.YMUITests;
				PRODUCT_NAME = "$(TARGET_NAME)";
				TEST_TARGET_NAME = YM;
				USES_XCTRUNNER = YES;
			};
			name = Release;
		};
/* End XCBuildConfiguration section */

/* Begin XCConfigurationList section */
		086C7EE11CD74D3F008C0A7B /* Build configuration list for PBXProject "YM" */ = {
			isa = XCConfigurationList;
			buildConfigurations = (
				086C7F111CD74D40008C0A7B /* Debug */,
				086C7F121CD74D40008C0A7B /* Release */,
			);
			defaultConfigurationIsVisible = 0;
			defaultConfigurationName = Release;
		};
		086C7F131CD74D40008C0A7B /* Build configuration list for PBXNativeTarget "YM" */ = {
			isa = XCConfigurationList;
			buildConfigurations = (
				086C7F141CD74D40008C0A7B /* Debug */,
				086C7F151CD74D40008C0A7B /* Release */,
			);
			defaultConfigurationIsVisible = 0;
		};
		086C7F161CD74D40008C0A7B /* Build configuration list for PBXNativeTarget "YMTests" */ = {
			isa = XCConfigurationList;
			buildConfigurations = (
				086C7F171CD74D40008C0A7B /* Debug */,
				086C7F181CD74D40008C0A7B /* Release */,
			);
			defaultConfigurationIsVisible = 0;
		};
		086C7F191CD74D40008C0A7B /* Build configuration list for PBXNativeTarget "YMUITests" */ = {
			isa = XCConfigurationList;
			buildConfigurations = (
				086C7F1A1CD74D40008C0A7B /* Debug */,
				086C7F1B1CD74D40008C0A7B /* Release */,
			);
			defaultConfigurationIsVisible = 0;
		};
/* End XCConfigurationList section */
	};
	rootObject = 086C7EDE1CD74D3F008C0A7B /* Project object */;
}
